
Microsoft Visual Studio Solution File, Format Version 12.00
# Visual Studio Version 17
VisualStudioVersion = 17.11.35312.102
MinimumVisualStudioVersion = 10.0.40219.1
Project("{6EC3EE1D-3C4E-46DD-8F32-0CC8E7565705}") = "ex1", "ex1.fsproj", "{E501353C-200D-491E-95A1-DE9028ABD73C}"
EndProject
Global
	GlobalSection(SolutionConfigurationPlatforms) = preSolution
		Debug|Any CPU = Debug|Any CPU
		Release|Any CPU = Release|Any CPU
	EndGlobalSection
	GlobalSection(ProjectConfigurationPlatforms) = postSolution
		{E501353C-200D-491E-95A1-DE9028ABD73C}.Debug|Any CPU.ActiveCfg = Debug|Any CPU
		{E501353C-200D-491E-95A1-DE9028ABD73C}.Debug|Any CPU.Build.0 = Debug|Any CPU
		{E501353C-200D-491E-95A1-DE9028ABD73C}.Release|Any CPU.ActiveCfg = Release|Any CPU
		{E501353C-200D-491E-95A1-DE9028ABD73C}.Release|Any CPU.Build.0 = Release|Any CPU
	EndGlobalSection
	GlobalSection(SolutionProperties) = preSolution
		HideSolutionNode = FALSE
	EndGlobalSection
	GlobalSection(ExtensibilityGlobals) = postSolution
		SolutionGuid = {74162E9C-DE98-429C-A374-F15962F370DA}
	EndGlobalSection
EndGlobal
